
Microsoft Visual Studio Solution File, Format Version 12.00
# Visual Studio Version 17
VisualStudioVersion = 17.11.35303.130
MinimumVisualStudioVersion = 10.0.40219.1
Project("{FAE04EC0-301F-11D3-BF4B-00C04F79EFBC}") = "MasterMind", "MasterMind\MasterMind.csproj", "{82DD37CD-2548-4731-844D-DD19022C635C}"
EndProject
Global
	GlobalSection(SolutionConfigurationPlatforms) = preSolution
		Debug|Any CPU = Debug|Any CPU
		Release|Any CPU = Release|Any CPU
	EndGlobalSection
	GlobalSection(ProjectConfigurationPlatforms) = postSolution
		{82DD37CD-2548-4731-844D-DD19022C635C}.Debug|Any CPU.ActiveCfg = Debug|Any CPU
		{82DD37CD-2548-4731-844D-DD19022C635C}.Debug|Any CPU.Build.0 = Debug|Any CPU
		{82DD37CD-2548-4731-844D-DD19022C635C}.Release|Any CPU.ActiveCfg = Release|Any CPU
		{82DD37CD-2548-4731-844D-DD19022C635C}.Release|Any CPU.Build.0 = Release|Any CPU
	EndGlobalSection
	GlobalSection(SolutionProperties) = preSolution
		HideSolutionNode = FALSE
	EndGlobalSection
	GlobalSection(ExtensibilityGlobals) = postSolution
		SolutionGuid = {2C02F8FB-EBE3-4B13-9F22-EAF8F52E576F}
	EndGlobalSection
EndGlobal
